{
  "name": "@jherostudio/crypto-guardian-cli",
  "version": "2.0.0",
  "lockfileVersion": 3,
  "requires": true,
  "packages": {
    "": {
      "name": "@jherostudio/crypto-guardian-cli",
      "version": "2.0.0",
      "license": "ISC",
      "dependencies": {
        "clipboardy": "^5.3.1",
        "commander": "^14.0.3",
        "figlet": "^1.11.0"
      },
      "bin": {
        "crypto-guardian": "dist/index.js"
      },
      "devDependencies": {
        "@types/figlet": "^1.7.0",
        "@types/node": "^25.8.0",
        "release-it": "^19.2.4",
        "tsx": "^4.4.21",
        "typescript": "^6.0.3",
        "vitest": "^3.2.4"
      }
    },
    "node_modules/undici": {
      "version": "6.28.1",
      "resolved": "https://registry.npmjs.org/undici/-/undici-6.28.1.tgz",
      "integrity": "sha512-bJ96eOwn5Wgx8d8cU8ELRO0xIKJVpuZb7phPgOGnWWKfhL3oXD/AcfYEKhfQnG1v/oBDmQxLg4XSA5yfr1hJA==",
      "dev": true,
      "license": "MIT",
      "engines": {
        "node": ">=18.17"
      }
    }
  }
}
